dependencies:
  espressif/esp_websocket_client:
    component_hash: 3fb288702517ef4d75bf933a115f1056ee0c2540d964f9e1d856e0bb67e1dfeb
    dependencies:
    - name: idf
      require: private
      version: '>=5.0'
    source:
      registry_url: https://components.espressif.com/
      type: service
    version: 1.7.0
  idf:
    source:
      type: idf
    version: 5.5.4
direct_dependencies:
- espressif/esp_websocket_client
- idf
manifest_hash: 68800db522a823ce0f8709ffb9c800760892c2d5889621f1cd9804dc45ae76f9
target: esp32s3
version: 2.0.0
